// !$*UTF8*$!
{
	archiveVersion = 1;
	classes = {
	};
	objectVersion = 55;
	objects = {

/* Begin PBXBuildFile section */
		EC26C51328B77B6600ED947C /* AppDelegate.swift in Sources */ = {isa = PBXBuildFile; fileRef = EC26C51228B77B6600ED947C /* AppDelegate.swift */; };
		EC26C51528B77B6600ED947C /* SceneDelegate.swift in Sources */ = {isa = PBXBuildFile; fileRef = EC26C51428B77B6600ED947C /* SceneDelegate.swift */; };
		EC26C51728B77B6600ED947C /* ViewController.swift in Sources */ = {isa = PBXBuildFile; fileRef = EC26C51628B77B6600ED947C /* ViewController.swift */; };
		EC26C51C28B77B6700ED947C /* Assets.xcassets in Resources */ = {isa = PBXBuildFile; fileRef = EC26C51B28B77B6700ED947C /* Assets.xcassets */; };
		EC26C51F28B77B6700ED947C /* LaunchScreen.storyboard in Resources */ = {isa = PBXBuildFile; fileRef = EC26C51D28B77B6700ED947C /* LaunchScreen.storyboard */; };
		EC26C52828B77CF200ED947C /* SnapKit in Frameworks */ = {isa = PBXBuildFile; productRef = EC26C52728B77CF200ED947C /* SnapKit */; };
		EC26C52B28B77D0800ED947C /* SnapKit in Frameworks */ = {isa = PBXBuildFile; productRef = EC26C52A28B77D0800ED947C /* SnapKit */; };
		EC26C53228B78D8000ED947C /* ExtensionsViewController.swift in Sources */ = {isa = PBXBuildFile; fileRef = EC26C53128B78D8000ED947C /* ExtensionsViewController.swift */; };
		EC26C53528B7B4D600ED947C /* Model.swift in Sources */ = {isa = PBXBuildFile; fileRef = EC26C53428B7B4D600ED947C /* Model.swift */; };
		EC26C53928B7C27700ED947C /* CustomViewController.swift in Sources */ = {isa = PBXBuildFile; fileRef = EC26C53828B7C27700ED947C /* CustomViewController.swift */; };
/* End PBXBuildFile section */

/* Begin PBXFileReference section */
		EC26C50F28B77B6600ED947C /* IOS7-HM13-SettingsScreen.app */ = {isa = PBXFileReference; explicitFileType = wrapper.application; includeInIndex = 0; path = "IOS7-HM13-SettingsScreen.app"; sourceTree = BUILT_PRODUCTS_DIR; };
		EC26C51228B77B6600ED947C /* AppDelegate.swift */ = {isa = PBXFileReference; lastKnownFileType = sourcecode.swift; path = AppDelegate.swift; sourceTree = "<group>"; };
		EC26C51428B77B6600ED947C /* SceneDelegate.swift */ = {isa = PBXFileReference; lastKnownFileType = sourcecode.swift; path = SceneDelegate.swift; sourceTree = "<group>"; };
		EC26C51628B77B6600ED947C /* ViewController.swift */ = {isa = PBXFileReference; lastKnownFileType = sourcecode.swift; path = ViewController.swift; sourceTree = "<group>"; };
		EC26C51B28B77B6700ED947C /* Assets.xcassets */ = {isa = PBXFileReference; lastKnownFileType = folder.assetcatalog; path = Assets.xcassets; sourceTree = "<group>"; };
		EC26C51E28B77B6700ED947C /* Base */ = {isa = PBXFileReference; lastKnownFileType = file.storyboard; name = Base; path = Base.lproj/LaunchScreen.storyboard; sourceTree = "<group>"; };
		EC26C52028B77B6700ED947C /* Info.plist */ = {isa = PBXFileReference; lastKnownFileType = text.plist.xml; path = Info.plist; sourceTree = "<group>"; };
		EC26C53128B78D8000ED947C /* ExtensionsViewController.swift */ = {isa = PBXFileReference; lastKnownFileType = sourcecode.swift; path = ExtensionsViewController.swift; sourceTree = "<group>"; };
		EC26C53428B7B4D600ED947C /* Model.swift */ = {isa = PBXFileReference; lastKnownFileType = sourcecode.swift; path = Model.swift; sourceTree = "<group>"; };
		EC26C53828B7C27700ED947C /* CustomViewController.swift */ = {isa = PBXFileReference; lastKnownFileType = sourcecode.swift; path = CustomViewController.swift; sourceTree = "<group>"; };
/* End PBXFileReference section */

/* Begin PBXFrameworksBuildPhase section */
		EC26C50C28B77B6600ED947C /* Frameworks */ = {
			isa = PBXFrameworksBuildPhase;
			buildActionMask = 2147483647;
			files = (
				EC26C52828B77CF200ED947C /* SnapKit in Frameworks */,
				EC26C52B28B77D0800ED947C /* SnapKit in Frameworks */,
			);
			runOnlyForDeploymentPostprocessing = 0;
		};
/* End PBXFrameworksBuildPhase section */

/* Begin PBXGroup section */
		EC26C50628B77B6600ED947C = {
			isa = PBXGroup;
			children = (
				EC26C51128B77B6600ED947C /* IOS7-HM13-SettingsScreen */,
				EC26C51028B77B6600ED947C /* Products */,
			);
			sourceTree = "<group>";
		};
		EC26C51028B77B6600ED947C /* Products */ = {
			isa = PBXGroup;
			children = (
				EC26C50F28B77B6600ED947C /* IOS7-HM13-SettingsScreen.app */,
			);
			name = Products;
			sourceTree = "<group>";
		};
		EC26C51128B77B6600ED947C /* IOS7-HM13-SettingsScreen */ = {
			isa = PBXGroup;
			children = (
				EC26C53028B77D3000ED947C /* Resources */,
				EC26C52D28B77D2900ED947C /* Sources */,
			);
			path = "IOS7-HM13-SettingsScreen";
			sourceTree = "<group>";
		};
		EC26C52C28B77D2700ED947C /* App */ = {
			isa = PBXGroup;
			children = (
				EC26C51428B77B6600ED947C /* SceneDelegate.swift */,
				EC26C51228B77B6600ED947C /* AppDelegate.swift */,
			);
			path = App;
			sourceTree = "<group>";
		};
		EC26C52D28B77D2900ED947C /* Sources */ = {
			isa = PBXGroup;
			children = (
				EC26C53328B7AAD300ED947C /* Extensions */,
				EC26C52E28B77D2B00ED947C /* Storyboards */,
				EC26C51628B77B6600ED947C /* ViewController.swift */,
				EC26C53828B7C27700ED947C /* CustomViewController.swift */,
				EC26C53128B78D8000ED947C /* ExtensionsViewController.swift */,
			);
			path = Sources;
			sourceTree = "<group>";
		};
		EC26C52E28B77D2B00ED947C /* Storyboards */ = {
			isa = PBXGroup;
			children = (
				EC26C51D28B77B6700ED947C /* LaunchScreen.storyboard */,
			);
			path = Storyboards;
			sourceTree = "<group>";
		};
		EC26C52F28B77D2D00ED947C /* Configuration */ = {
			isa = PBXGroup;
			children = (
				EC26C51B28B77B6700ED947C /* Assets.xcassets */,
				EC26C52028B77B6700ED947C /* Info.plist */,
			);
			path = Configuration;
			sourceTree = "<group>";
		};
		EC26C53028B77D3000ED947C /* Resources */ = {
			isa = PBXGroup;
			children = (
				EC26C52C28B77D2700ED947C /* App */,
				EC26C52F28B77D2D00ED947C /* Configuration */,
			);
			path = Resources;
			sourceTree = "<group>";
		};
		EC26C53328B7AAD300ED947C /* Extensions */ = {
			isa = PBXGroup;
			children = (
				EC26C53428B7B4D600ED947C /* Model.swift */,
			);
			path = Extensions;
			sourceTree = "<group>";
		};
/* End PBXGroup section */

/* Begin PBXNativeTarget section */
		EC26C50E28B77B6600ED947C /* IOS7-HM13-SettingsScreen */ = {
			isa = PBXNativeTarget;
			buildConfigurationList = EC26C52328B77B6700ED947C /* Build configuration list for PBXNativeTarget "IOS7-HM13-SettingsScreen" */;
			buildPhases = (
				EC26C50B28B77B6600ED947C /* Sources */,
				EC26C50C28B77B6600ED947C /* Frameworks */,
				EC26C50D28B77B6600ED947C /* Resources */,
			);
			buildRules = (
			);
			dependencies = (
			);
			name = "IOS7-HM13-SettingsScreen";
			packageProductDependencies = (
				EC26C52728B77CF200ED947C /* SnapKit */,
				EC26C52A28B77D0800ED947C /* SnapKit */,
			);
			productName = "IOS7-HM13-SettingsScreen";
			productReference = EC26C50F28B77B6600ED947C /* IOS7-HM13-SettingsScreen.app */;
			productType = "com.apple.product-type.application";
		};
/* End PBXNativeTarget section */

/* Begin PBXProject section */
		EC26C50728B77B6600ED947C /* Project object */ = {
			isa = PBXProject;
			attributes = {
				BuildIndependentTargetsInParallel = 1;
				LastSwiftUpdateCheck = 1340;
				LastUpgradeCheck = 1340;
				TargetAttributes = {
					EC26C50E28B77B6600ED947C = {
						CreatedOnToolsVersion = 13.4.1;
					};
				};
			};
			buildConfigurationList = EC26C50A28B77B6600ED947C /* Build configuration list for PBXProject "IOS7-HM13-SettingsScreen" */;
			compatibilityVersion = "Xcode 13.0";
			developmentRegion = en;
			hasScannedForEncodings = 0;
			knownRegions = (
				en,
				Base,
			);
			mainGroup = EC26C50628B77B6600ED947C;
			packageReferences = (
				EC26C52628B77CF200ED947C /* XCRemoteSwiftPackageReference "SnapKit" */,
				EC26C52928B77D0800ED947C /* XCRemoteSwiftPackageReference "SnapKit" */,
			);
			productRefGroup = EC26C51028B77B6600ED947C /* Products */;
			projectDirPath = "";
			projectRoot = "";
			targets = (
				EC26C50E28B77B6600ED947C /* IOS7-HM13-SettingsScreen */,
			);
		};
/* End PBXProject section */

/* Begin PBXResourcesBuildPhase section */
		EC26C50D28B77B6600ED947C /* Resources */ = {
			isa = PBXResourcesBuildPhase;
			buildActionMask = 2147483647;
			files = (
				EC26C51F28B77B6700ED947C /* LaunchScreen.storyboard in Resources */,
				EC26C51C28B77B6700ED947C /* Assets.xcassets in Resources */,
			);
			runOnlyForDeploymentPostprocessing = 0;
		};
/* End PBXResourcesBuildPhase section */

/* Begin PBXSourcesBuildPhase section */
		EC26C50B28B77B6600ED947C /* Sources */ = {
			isa = PBXSourcesBuildPhase;
			buildActionMask = 2147483647;
			files = (
				EC26C53528B7B4D600ED947C /* Model.swift in Sources */,
				EC26C53228B78D8000ED947C /* ExtensionsViewController.swift in Sources */,
				EC26C51728B77B6600ED947C /* ViewController.swift in Sources */,
				EC26C53928B7C27700ED947C /* CustomViewController.swift in Sources */,
				EC26C51328B77B6600ED947C /* AppDelegate.swift in Sources */,
				EC26C51528B77B6600ED947C /* SceneDelegate.swift in Sources */,
			);
			runOnlyForDeploymentPostprocessing = 0;
		};
/* End PBXSourcesBuildPhase section */

/* Begin PBXVariantGroup section */
		EC26C51D28B77B6700ED947C /* LaunchScreen.storyboard */ = {
			isa = PBXVariantGroup;
			children = (
				EC26C51E28B77B6700ED947C /* Base */,
			);
			name = LaunchScreen.storyboard;
			sourceTree = "<group>";
		};
/* End PBXVariantGroup section */

/* Begin XCBuildConfiguration section */
		EC26C52128B77B6700ED947C /* Debug */ = {
			isa = XCBuildConfiguration;
			buildSettings = {
				ALWAYS_SEARCH_USER_PATHS = NO;
				CLANG_ANALYZER_NONNULL = YES;
				CLANG_ANALYZER_NUMBER_OBJECT_CONVERSION = YES_AGGRESSIVE;
				CLANG_CXX_LANGUAGE_STANDARD = "gnu++17";
				CLANG_ENABLE_MODULES = YES;
				CLANG_ENABLE_OBJC_ARC = YES;
				CLANG_ENABLE_OBJC_WEAK = YES;
				CLANG_WARN_BLOCK_CAPTURE_AUTORELEASING = YES;
				CLANG_WARN_BOOL_CONVERSION = YES;
				CLANG_WARN_COMMA = YES;
				CLANG_WARN_CONSTANT_CONVERSION = YES;
				CLANG_WARN_DEPRECATED_OBJC_IMPLEMENTATIONS = YES;
				CLANG_WARN_DIRECT_OBJC_ISA_USAGE = YES_ERROR;
				CLANG_WARN_DOCUMENTATION_COMMENTS = YES;
				CLANG_WARN_EMPTY_BODY = YES;
				CLANG_WARN_ENUM_CONVERSION = YES;
				CLANG_WARN_INFINITE_RECURSION = YES;
				CLANG_WARN_INT_CONVERSION = YES;
				CLANG_WARN_NON_LITERAL_NULL_CONVERSION = YES;
				CLANG_WARN_OBJC_IMPLICIT_RETAIN_SELF = YES;
				CLANG_WARN_OBJC_LITERAL_CONVERSION = YES;
				CLANG_WARN_OBJC_ROOT_CLASS = YES_ERROR;
				CLANG_WARN_QUOTED_INCLUDE_IN_FRAMEWORK_HEADER = YES;
				CLANG_WARN_RANGE_LOOP_ANALYSIS = YES;
				CLANG_WARN_STRICT_PROTOTYPES = YES;
				CLANG_WARN_SUSPICIOUS_MOVE = YES;
				CLANG_WARN_UNGUARDED_AVAILABILITY = YES_AGGRESSIVE;
				CLANG_WARN_UNREACHABLE_CODE = YES;
				CLANG_WARN__DUPLICATE_METHOD_MATCH = YES;
				COPY_PHASE_STRIP = NO;
				DEBUG_INFORMATION_FORMAT = dwarf;
				ENABLE_STRICT_OBJC_MSGSEND = YES;
				ENABLE_TESTABILITY = YES;
				GCC_C_LANGUAGE_STANDARD = gnu11;
				GCC_DYNAMIC_NO_PIC = NO;
				GCC_NO_COMMON_BLOCKS = YES;
				GCC_OPTIMIZATION_LEVEL = 0;
				GCC_PREPROCESSOR_DEFINITIONS = (
					"DEBUG=1",
					"$(inherited)",
				);
				GCC_WARN_64_TO_32_BIT_CONVERSION = YES;
				GCC_WARN_ABOUT_RETURN_TYPE = YES_ERROR;
				GCC_WARN_UNDECLARED_SELECTOR = YES;
				GCC_WARN_UNINITIALIZED_AUTOS = YES_AGGRESSIVE;
				GCC_WARN_UNUSED_FUNCTION = YES;
				GCC_WARN_UNUSED_VARIABLE = YES;
				IPHONEOS_DEPLOYMENT_TARGET = 15.5;
				MTL_ENABLE_DEBUG_INFO = INCLUDE_SOURCE;
				MTL_FAST_MATH = YES;
				ONLY_ACTIVE_ARCH = YES;
				SDKROOT = iphoneos;
				SWIFT_ACTIVE_COMPILATION_CONDITIONS = DEBUG;
				SWIFT_OPTIMIZATION_LEVEL = "-Onone";
			};
			name = Debug;
		};
		EC26C52228B77B6700ED947C /* Release */ = {
			isa = XCBuildConfiguration;
			buildSettings = {
				ALWAYS_SEARCH_USER_PATHS = NO;
				CLANG_ANALYZER_NONNULL = YES;
				CLANG_ANALYZER_NUMBER_OBJECT_CONVERSION = YES_AGGRESSIVE;
				CLANG_CXX_LANGUAGE_STANDARD = "gnu++17";
				CLANG_ENABLE_MODULES = YES;
				CLANG_ENABLE_OBJC_ARC = YES;
				CLANG_ENABLE_OBJC_WEAK = YES;
				CLANG_WARN_BLOCK_CAPTURE_AUTORELEASING = YES;
				CLANG_WARN_BOOL_CONVERSION = YES;
				CLANG_WARN_COMMA = YES;
				CLANG_WARN_CONSTANT_CONVERSION = YES;
				CLANG_WARN_DEPRECATED_OBJC_IMPLEMENTATIONS = YES;
				CLANG_WARN_DIRECT_OBJC_ISA_USAGE = YES_ERROR;
				CLANG_WARN_DOCUMENTATION_COMMENTS = YES;
				CLANG_WARN_EMPTY_BODY = YES;
				CLANG_WARN_ENUM_CONVERSION = YES;
				CLANG_WARN_INFINITE_RECURSION = YES;
				CLANG_WARN_INT_CONVERSION = YES;
				CLANG_WARN_NON_LITERAL_NULL_CONVERSION = YES;
				CLANG_WARN_OBJC_IMPLICIT_RETAIN_SELF = YES;
				CLANG_WARN_OBJC_LITERAL_CONVERSION = YES;
				CLANG_WARN_OBJC_ROOT_CLASS = YES_ERROR;
				CLANG_WARN_QUOTED_INCLUDE_IN_FRAMEWORK_HEADER = YES;
				CLANG_WARN_RANGE_LOOP_ANALYSIS = YES;
				CLANG_WARN_STRICT_PROTOTYPES = YES;
				CLANG_WARN_SUSPICIOUS_MOVE = YES;
				CLANG_WARN_UNGUARDED_AVAILABILITY = YES_AGGRESSIVE;
				CLANG_WARN_UNREACHABLE_CODE = YES;
				CLANG_WARN__DUPLICATE_METHOD_MATCH = YES;
				COPY_PHASE_STRIP = NO;
				DEBUG_INFORMATION_FORMAT = "dwarf-with-dsym";
				ENABLE_NS_ASSERTIONS = NO;
				ENABLE_STRICT_OBJC_MSGSEND = YES;
				GCC_C_LANGUAGE_STANDARD = gnu11;
				GCC_NO_COMMON_BLOCKS = YES;
				GCC_WARN_64_TO_32_BIT_CONVERSION = YES;
				GCC_WARN_ABOUT_RETURN_TYPE = YES_ERROR;
				GCC_WARN_UNDECLARED_SELECTOR = YES;
				GCC_WARN_UNINITIALIZED_AUTOS = YES_AGGRESSIVE;
				GCC_WARN_UNUSED_FUNCTION = YES;
				GCC_WARN_UNUSED_VARIABLE = YES;
				IPHONEOS_DEPLOYMENT_TARGET = 15.5;
				MTL_ENABLE_DEBUG_INFO = NO;
				MTL_FAST_MATH = YES;
				SDKROOT = iphoneos;
				SWIFT_COMPILATION_MODE = wholemodule;
				SWIFT_OPTIMIZATION_LEVEL = "-O";
				VALIDATE_PRODUCT = YES;
			};
			name = Release;
		};
		EC26C52428B77B6700ED947C /* Debug */ = {
			isa = XCBuildConfiguration;
			buildSettings = {
				ASSETCATALOG_COMPILER_APPICON_NAME = AppIcon;
				ASSETCATALOG_COMPILER_GLOBAL_ACCENT_COLOR_NAME = AccentColor;
				CODE_SIGN_STYLE = Automatic;
				CURRENT_PROJECT_VERSION = 1;
				DEVELOPMENT_TEAM = 3496F3A4HL;
				GENERATE_INFOPLIST_FILE = YES;
				INFOPLIST_FILE = "IOS7-HM13-SettingsScreen/Info.plist";
				INFOPLIST_KEY_UIApplicationSupportsIndirectInputEvents = YES;
				INFOPLIST_KEY_UILaunchStoryboardName = LaunchScreen;
				INFOPLIST_KEY_UISupportedInterfaceOrientations_iPad = "UIInterfaceOrientationPortrait UIInterfaceOrientationPortraitUpsideDown UIInterfaceOrientationLandscapeLeft UIInterfaceOrientationLandscapeRight";
				INFOPLIST_KEY_UISupportedInterfaceOrientations_iPhone = "UIInterfaceOrientationPortrait UIInterfaceOrientationLandscapeLeft UIInterfaceOrientationLandscapeRight";
				IPHONEOS_DEPLOYMENT_TARGET = 15.4;
				LD_RUNPATH_SEARCH_PATHS = (
					"$(inherited)",
					"@executable_path/Frameworks",
				);
				MARKETING_VERSION = 1.0;
				PRODUCT_BUNDLE_IDENTIFIER = "com.my.IOS7-HM13-SettingsScreen";
				PRODUCT_NAME = "$(TARGET_NAME)";
				SWIFT_EMIT_LOC_STRINGS = YES;
				SWIFT_VERSION = 5.0;
				TARGETED_DEVICE_FAMILY = "1,2";
			};
			name = Debug;
		};
		EC26C52528B77B6700ED947C /* Release */ = {
			isa = XCBuildConfiguration;
			buildSettings = {
				ASSETCATALOG_COMPILER_APPICON_NAME = AppIcon;
				ASSETCATALOG_COMPILER_GLOBAL_ACCENT_COLOR_NAME = AccentColor;
				CODE_SIGN_STYLE = Automatic;
				CURRENT_PROJECT_VERSION = 1;
				DEVELOPMENT_TEAM = 3496F3A4HL;
				GENERATE_INFOPLIST_FILE = YES;
				INFOPLIST_FILE = "IOS7-HM13-SettingsScreen/Info.plist";
				INFOPLIST_KEY_UIApplicationSupportsIndirectInputEvents = YES;
				INFOPLIST_KEY_UILaunchStoryboardName = LaunchScreen;
				INFOPLIST_KEY_UISupportedInterfaceOrientations_iPad = "UIInterfaceOrientationPortrait UIInterfaceOrientationPortraitUpsideDown UIInterfaceOrientationLandscapeLeft UIInterfaceOrientationLandscapeRight";
				INFOPLIST_KEY_UISupportedInterfaceOrientations_iPhone = "UIInterfaceOrientationPortrait UIInterfaceOrientationLandscapeLeft UIInterfaceOrientationLandscapeRight";
				IPHONEOS_DEPLOYMENT_TARGET = 15.4;
				LD_RUNPATH_SEARCH_PATHS = (
					"$(inherited)",
					"@executable_path/Frameworks",
				);
				MARKETING_VERSION = 1.0;
				PRODUCT_BUNDLE_IDENTIFIER = "com.my.IOS7-HM13-SettingsScreen";
				PRODUCT_NAME = "$(TARGET_NAME)";
				SWIFT_EMIT_LOC_STRINGS = YES;
				SWIFT_VERSION = 5.0;
				TARGETED_DEVICE_FAMILY = "1,2";
			};
			name = Release;
		};
/* End XCBuildConfiguration section */

/* Begin XCConfigurationList section */
		EC26C50A28B77B6600ED947C /* Build configuration list for PBXProject "IOS7-HM13-SettingsScreen" */ = {
			isa = XCConfigurationList;
			buildConfigurations = (
				EC26C52128B77B6700ED947C /* Debug */,
				EC26C52228B77B6700ED947C /* Release */,
			);
			defaultConfigurationIsVisible = 0;
			defaultConfigurationName = Release;
		};
		EC26C52328B77B6700ED947C /* Build configuration list for PBXNativeTarget "IOS7-HM13-SettingsScreen" */ = {
			isa = XCConfigurationList;
			buildConfigurations = (
				EC26C52428B77B6700ED947C /* Debug */,
				EC26C52528B77B6700ED947C /* Release */,
			);
			defaultConfigurationIsVisible = 0;
			defaultConfigurationName = Release;
		};
/* End XCConfigurationList section */

/* Begin XCRemoteSwiftPackageReference section */
		EC26C52628B77CF200ED947C /* XCRemoteSwiftPackageReference "SnapKit" */ = {
			isa = XCRemoteSwiftPackageReference;
			repositoryURL = "https://github.com/SnapKit/SnapKit.git";
			requirement = {
				branch = develop;
				kind = branch;
			};
		};
		EC26C52928B77D0800ED947C /* XCRemoteSwiftPackageReference "SnapKit" */ = {
			isa = XCRemoteSwiftPackageReference;
			repositoryURL = "https://github.com/SnapKit/SnapKit.git";
			requirement = {
				branch = develop;
				kind = branch;
			};
		};
/* End XCRemoteSwiftPackageReference section */

/* Begin XCSwiftPackageProductDependency section */
		EC26C52728B77CF200ED947C /* SnapKit */ = {
			isa = XCSwiftPackageProductDependency;
			package = EC26C52628B77CF200ED947C /* XCRemoteSwiftPackageReference "SnapKit" */;
			productName = SnapKit;
		};
		EC26C52A28B77D0800ED947C /* SnapKit */ = {
			isa = XCSwiftPackageProductDependency;
			package = EC26C52628B77CF200ED947C /* XCRemoteSwiftPackageReference "SnapKit" */;
			productName = SnapKit;
		};
/* End XCSwiftPackageProductDependency section */
	};
	rootObject = EC26C50728B77B6600ED947C /* Project object */;
}
